
Microsoft Visual Studio Solution File, Format Version 12.00
# Visual Studio Version 17
VisualStudioVersion = 17.3.32825.248
MinimumVisualStudioVersion = 10.0.40219.1
Project("{FAE04EC0-301F-11D3-BF4B-00C04F79EFBC}") = "Lab3OOPcSharp", "Lab3OOPcSharp\Lab3OOPcSharp.csproj", "{D97A54E8-41FD-4840-B814-8A3A0E49663B}"
EndProject
Global
	GlobalSection(SolutionConfigurationPlatforms) = preSolution
		Debug|Any CPU = Debug|Any CPU
		Release|Any CPU = Release|Any CPU
	EndGlobalSection
	GlobalSection(ProjectConfigurationPlatforms) = postSolution
		{D97A54E8-41FD-4840-B814-8A3A0E49663B}.Debug|Any CPU.ActiveCfg = Debug|Any CPU
		{D97A54E8-41FD-4840-B814-8A3A0E49663B}.Debug|Any CPU.Build.0 = Debug|Any CPU
		{D97A54E8-41FD-4840-B814-8A3A0E49663B}.Release|Any CPU.ActiveCfg = Release|Any CPU
		{D97A54E8-41FD-4840-B814-8A3A0E49663B}.Release|Any CPU.Build.0 = Release|Any CPU
	EndGlobalSection
	GlobalSection(SolutionProperties) = preSolution
		HideSolutionNode = FALSE
	EndGlobalSection
	GlobalSection(ExtensibilityGlobals) = postSolution
		SolutionGuid = {90473218-CF27-420C-9A62-F5B3EF5FADDB}
	EndGlobalSection
EndGlobal
